// !$*UTF8*$!
{
	archiveVersion = 1;
	classes = {
	};
	objectVersion = 55;
	objects = {

/* Begin PBXBuildFile section */
		0FAAAC4B2880015D002B440C /* CameraSwiftUiApp.swift in Sources */ = {isa = PBXBuildFile; fileRef = 0FAAAC4A2880015D002B440C /* CameraSwiftUiApp.swift */; };
		0FAAAC4D2880015D002B440C /* ContentView.swift in Sources */ = {isa = PBXBuildFile; fileRef = 0FAAAC4C2880015D002B440C /* ContentView.swift */; };
		0FAAAC4F28800161002B440C /* Assets.xcassets in Resources */ = {isa = PBXBuildFile; fileRef = 0FAAAC4E28800161002B440C /* Assets.xcassets */; };
		0FAAAC5228800161002B440C /* Preview Assets.xcassets in Resources */ = {isa = PBXBuildFile; fileRef = 0FAAAC5128800161002B440C /* Preview Assets.xcassets */; };
		0FAAAC5C28800162002B440C /* CameraSwiftUiTests.swift in Sources */ = {isa = PBXBuildFile; fileRef = 0FAAAC5B28800162002B440C /* CameraSwiftUiTests.swift */; };
		0FAAAC6628800162002B440C /* CameraSwiftUiUITests.swift in Sources */ = {isa = PBXBuildFile; fileRef = 0FAAAC6528800162002B440C /* CameraSwiftUiUITests.swift */; };
		0FAAAC6828800162002B440C /* CameraSwiftUiUITestsLaunchTests.swift in Sources */ = {isa = PBXBuildFile; fileRef = 0FAAAC6728800162002B440C /* CameraSwiftUiUITestsLaunchTests.swift */; };
		0FAAAC7828801141002B440C /* ImagePickerView.swift in Sources */ = {isa = PBXBuildFile; fileRef = 0FAAAC7728801141002B440C /* ImagePickerView.swift */; };
/* End PBXBuildFile section */

/* Begin PBXContainerItemProxy section */
		0FAAAC5828800162002B440C /* PBXContainerItemProxy */ = {
			isa = PBXContainerItemProxy;
			containerPortal = 0FAAAC3F2880015D002B440C /* Project object */;
			proxyType = 1;
			remoteGlobalIDString = 0FAAAC462880015D002B440C;
			remoteInfo = CameraSwiftUi;
		};
		0FAAAC6228800162002B440C /* PBXContainerItemProxy */ = {
			isa = PBXContainerItemProxy;
			containerPortal = 0FAAAC3F2880015D002B440C /* Project object */;
			proxyType = 1;
			remoteGlobalIDString = 0FAAAC462880015D002B440C;
			remoteInfo = CameraSwiftUi;
		};
/* End PBXContainerItemProxy section */

/* Begin PBXFileReference section */
		0FAAAC472880015D002B440C /* CameraSwiftUi.app */ = {isa = PBXFileReference; explicitFileType = wrapper.application; includeInIndex = 0; path = CameraSwiftUi.app; sourceTree = BUILT_PRODUCTS_DIR; };
		0FAAAC4A2880015D002B440C /* CameraSwiftUiApp.swift */ = {isa = PBXFileReference; lastKnownFileType = sourcecode.swift; path = CameraSwiftUiApp.swift; sourceTree = "<group>"; };
		0FAAAC4C2880015D002B440C /* ContentView.swift */ = {isa = PBXFileReference; lastKnownFileType = sourcecode.swift; path = ContentView.swift; sourceTree = "<group>"; };
		0FAAAC4E28800161002B440C /* Assets.xcassets */ = {isa = PBXFileReference; lastKnownFileType = folder.assetcatalog; path = Assets.xcassets; sourceTree = "<group>"; };
		0FAAAC5128800161002B440C /* Preview Assets.xcassets */ = {isa = PBXFileReference; lastKnownFileType = folder.assetcatalog; path = "Preview Assets.xcassets"; sourceTree = "<group>"; };
		0FAAAC5728800162002B440C /* CameraSwiftUiTests.xctest */ = {isa = PBXFileReference; explicitFileType = wrapper.cfbundle; includeInIndex = 0; path = CameraSwiftUiTests.xctest; sourceTree = BUILT_PRODUCTS_DIR; };
		0FAAAC5B28800162002B440C /* CameraSwiftUiTests.swift */ = {isa = PBXFileReference; lastKnownFileType = sourcecode.swift; path = CameraSwiftUiTests.swift; sourceTree = "<group>"; };
		0FAAAC6128800162002B440C /* CameraSwiftUiUITests.xctest */ = {isa = PBXFileReference; explicitFileType = wrapper.cfbundle; includeInIndex = 0; path = CameraSwiftUiUITests.xctest; sourceTree = BUILT_PRODUCTS_DIR; };
		0FAAAC6528800162002B440C /* CameraSwiftUiUITests.swift */ = {isa = PBXFileReference; lastKnownFileType = sourcecode.swift; path = CameraSwiftUiUITests.swift; sourceTree = "<group>"; };
		0FAAAC6728800162002B440C /* CameraSwiftUiUITestsLaunchTests.swift */ = {isa = PBXFileReference; lastKnownFileType = sourcecode.swift; path = CameraSwiftUiUITestsLaunchTests.swift; sourceTree = "<group>"; };
		0FAAAC7428800775002B440C /* Info.plist */ = {isa = PBXFileReference; lastKnownFileType = text.plist; path = Info.plist; sourceTree = "<group>"; };
		0FAAAC7728801141002B440C /* ImagePickerView.swift */ = {isa = PBXFileReference; lastKnownFileType = sourcecode.swift; path = ImagePickerView.swift; sourceTree = "<group>"; };
/* End PBXFileReference section */

/* Begin PBXFrameworksBuildPhase section */
		0FAAAC442880015D002B440C /* Frameworks */ = {
			isa = PBXFrameworksBuildPhase;
			buildActionMask = 2147483647;
			files = (
			);
			runOnlyForDeploymentPostprocessing = 0;
		};
		0FAAAC5428800162002B440C /* Frameworks */ = {
			isa = PBXFrameworksBuildPhase;
			buildActionMask = 2147483647;
			files = (
			);
			runOnlyForDeploymentPostprocessing = 0;
		};
		0FAAAC5E28800162002B440C /* Frameworks */ = {
			isa = PBXFrameworksBuildPhase;
			buildActionMask = 2147483647;
			files = (
			);
			runOnlyForDeploymentPostprocessing = 0;
		};
/* End PBXFrameworksBuildPhase section */

/* Begin PBXGroup section */
		0FAAAC3E2880015D002B440C = {
			isa = PBXGroup;
			children = (
				0FAAAC492880015D002B440C /* CameraSwiftUi */,
				0FAAAC5A28800162002B440C /* CameraSwiftUiTests */,
				0FAAAC6428800162002B440C /* CameraSwiftUiUITests */,
				0FAAAC482880015D002B440C /* Products */,
			);
			sourceTree = "<group>";
		};
		0FAAAC482880015D002B440C /* Products */ = {
			isa = PBXGroup;
			children = (
				0FAAAC472880015D002B440C /* CameraSwiftUi.app */,
				0FAAAC5728800162002B440C /* CameraSwiftUiTests.xctest */,
				0FAAAC6128800162002B440C /* CameraSwiftUiUITests.xctest */,
			);
			name = Products;
			sourceTree = "<group>";
		};
		0FAAAC492880015D002B440C /* CameraSwiftUi */ = {
			isa = PBXGroup;
			children = (
				0FAAAC7428800775002B440C /* Info.plist */,
				0FAAAC4A2880015D002B440C /* CameraSwiftUiApp.swift */,
				0FAAAC4C2880015D002B440C /* ContentView.swift */,
				0FAAAC4E28800161002B440C /* Assets.xcassets */,
				0FAAAC5028800161002B440C /* Preview Content */,
				0FAAAC7728801141002B440C /* ImagePickerView.swift */,
			);
			path = CameraSwiftUi;
			sourceTree = "<group>";
		};
		0FAAAC5028800161002B440C /* Preview Content */ = {
			isa = PBXGroup;
			children = (
				0FAAAC5128800161002B440C /* Preview Assets.xcassets */,
			);
			path = "Preview Content";
			sourceTree = "<group>";
		};
		0FAAAC5A28800162002B440C /* CameraSwiftUiTests */ = {
			isa = PBXGroup;
			children = (
				0FAAAC5B28800162002B440C /* CameraSwiftUiTests.swift */,
			);
			path = CameraSwiftUiTests;
			sourceTree = "<group>";
		};
		0FAAAC6428800162002B440C /* CameraSwiftUiUITests */ = {
			isa = PBXGroup;
			children = (
				0FAAAC6528800162002B440C /* CameraSwiftUiUITests.swift */,
				0FAAAC6728800162002B440C /* CameraSwiftUiUITestsLaunchTests.swift */,
			);
			path = CameraSwiftUiUITests;
			sourceTree = "<group>";
		};
/* End PBXGroup section */

/* Begin PBXNativeTarget section */
		0FAAAC462880015D002B440C /* CameraSwiftUi */ = {
			isa = PBXNativeTarget;
			buildConfigurationList = 0FAAAC6B28800162002B440C /* Build configuration list for PBXNativeTarget "CameraSwiftUi" */;
			buildPhases = (
				0FAAAC432880015D002B440C /* Sources */,
				0FAAAC442880015D002B440C /* Frameworks */,
				0FAAAC452880015D002B440C /* Resources */,
			);
			buildRules = (
			);
			dependencies = (
			);
			name = CameraSwiftUi;
			productName = CameraSwiftUi;
			productReference = 0FAAAC472880015D002B440C /* CameraSwiftUi.app */;
			productType = "com.apple.product-type.application";
		};
		0FAAAC5628800162002B440C /* CameraSwiftUiTests */ = {
			isa = PBXNativeTarget;
			buildConfigurationList = 0FAAAC6E28800162002B440C /* Build configuration list for PBXNativeTarget "CameraSwiftUiTests" */;
			buildPhases = (
				0FAAAC5328800162002B440C /* Sources */,
				0FAAAC5428800162002B440C /* Frameworks */,
				0FAAAC5528800162002B440C /* Resources */,
			);
			buildRules = (
			);
			dependencies = (
				0FAAAC5928800162002B440C /* PBXTargetDependency */,
			);
			name = CameraSwiftUiTests;
			productName = CameraSwiftUiTests;
			productReference = 0FAAAC5728800162002B440C /* CameraSwiftUiTests.xctest */;
			productType = "com.apple.product-type.bundle.unit-test";
		};
		0FAAAC6028800162002B440C /* CameraSwiftUiUITests */ = {
			isa = PBXNativeTarget;
			buildConfigurationList = 0FAAAC7128800162002B440C /* Build configuration list for PBXNativeTarget "CameraSwiftUiUITests" */;
			buildPhases = (
				0FAAAC5D28800162002B440C /* Sources */,
				0FAAAC5E28800162002B440C /* Frameworks */,
				0FAAAC5F28800162002B440C /* Resources */,
			);
			buildRules = (
			);
			dependencies = (
				0FAAAC6328800162002B440C /* PBXTargetDependency */,
			);
			name = CameraSwiftUiUITests;
			productName = CameraSwiftUiUITests;
			productReference = 0FAAAC6128800162002B440C /* CameraSwiftUiUITests.xctest */;
			productType = "com.apple.product-type.bundle.ui-testing";
		};
/* End PBXNativeTarget section */

/* Begin PBXProject section */
		0FAAAC3F2880015D002B440C /* Project object */ = {
			isa = PBXProject;
			attributes = {
				BuildIndependentTargetsInParallel = 1;
				LastSwiftUpdateCheck = 1340;
				LastUpgradeCheck = 1340;
				TargetAttributes = {
					0FAAAC462880015D002B440C = {
						CreatedOnToolsVersion = 13.4.1;
					};
					0FAAAC5628800162002B440C = {
						CreatedOnToolsVersion = 13.4.1;
						TestTargetID = 0FAAAC462880015D002B440C;
					};
					0FAAAC6028800162002B440C = {
						CreatedOnToolsVersion = 13.4.1;
						TestTargetID = 0FAAAC462880015D002B440C;
					};
				};
			};
			buildConfigurationList = 0FAAAC422880015D002B440C /* Build configuration list for PBXProject "CameraSwiftUi" */;
			compatibilityVersion = "Xcode 13.0";
			developmentRegion = en;
			hasScannedForEncodings = 0;
			knownRegions = (
				en,
				Base,
			);
			mainGroup = 0FAAAC3E2880015D002B440C;
			productRefGroup = 0FAAAC482880015D002B440C /* Products */;
			projectDirPath = "";
			projectRoot = "";
			targets = (
				0FAAAC462880015D002B440C /* CameraSwiftUi */,
				0FAAAC5628800162002B440C /* CameraSwiftUiTests */,
				0FAAAC6028800162002B440C /* CameraSwiftUiUITests */,
			);
		};
/* End PBXProject section */

/* Begin PBXResourcesBuildPhase section */
		0FAAAC452880015D002B440C /* Resources */ = {
			isa = PBXResourcesBuildPhase;
			buildActionMask = 2147483647;
			files = (
				0FAAAC5228800161002B440C /* Preview Assets.xcassets in Resources */,
				0FAAAC4F28800161002B440C /* Assets.xcassets in Resources */,
			);
			runOnlyForDeploymentPostprocessing = 0;
		};
		0FAAAC5528800162002B440C /* Resources */ = {
			isa = PBXResourcesBuildPhase;
			buildActionMask = 2147483647;
			files = (
			);
			runOnlyForDeploymentPostprocessing = 0;
		};
		0FAAAC5F28800162002B440C /* Resources */ = {
			isa = PBXResourcesBuildPhase;
			buildActionMask = 2147483647;
			files = (
			);
			runOnlyForDeploymentPostprocessing = 0;
		};
/* End PBXResourcesBuildPhase section */

/* Begin PBXSourcesBuildPhase section */
		0FAAAC432880015D002B440C /* Sources */ = {
			isa = PBXSourcesBuildPhase;
			buildActionMask = 2147483647;
			files = (
				0FAAAC4D2880015D002B440C /* ContentView.swift in Sources */,
				0FAAAC7828801141002B440C /* ImagePickerView.swift in Sources */,
				0FAAAC4B2880015D002B440C /* CameraSwiftUiApp.swift in Sources */,
			);
			runOnlyForDeploymentPostprocessing = 0;
		};
		0FAAAC5328800162002B440C /* Sources */ = {
			isa = PBXSourcesBuildPhase;
			buildActionMask = 2147483647;
			files = (
				0FAAAC5C28800162002B440C /* CameraSwiftUiTests.swift in Sources */,
			);
			runOnlyForDeploymentPostprocessing = 0;
		};
		0FAAAC5D28800162002B440C /* Sources */ = {
			isa = PBXSourcesBuildPhase;
			buildActionMask = 2147483647;
			files = (
				0FAAAC6628800162002B440C /* CameraSwiftUiUITests.swift in Sources */,
				0FAAAC6828800162002B440C /* CameraSwiftUiUITestsLaunchTests.swift in Sources */,
			);
			runOnlyForDeploymentPostprocessing = 0;
		};
/* End PBXSourcesBuildPhase section */

/* Begin PBXTargetDependency section */
		0FAAAC5928800162002B440C /* PBXTargetDependency */ = {
			isa = PBXTargetDependency;
			target = 0FAAAC462880015D002B440C /* CameraSwiftUi */;
			targetProxy = 0FAAAC5828800162002B440C /* PBXContainerItemProxy */;
		};
		0FAAAC6328800162002B440C /* PBXTargetDependency */ = {
			isa = PBXTargetDependency;
			target = 0FAAAC462880015D002B440C /* CameraSwiftUi */;
			targetProxy = 0FAAAC6228800162002B440C /* PBXContainerItemProxy */;
		};
/* End PBXTargetDependency section */

/* Begin XCBuildConfiguration section */
		0FAAAC6928800162002B440C /* Debug */ = {
			isa = XCBuildConfiguration;
			buildSettings = {
				ALWAYS_SEARCH_USER_PATHS = NO;
				CLANG_ANALYZER_NONNULL = YES;
				CLANG_ANALYZER_NUMBER_OBJECT_CONVERSION = YES_AGGRESSIVE;
				CLANG_CXX_LANGUAGE_STANDARD = "gnu++17";
				CLANG_ENABLE_MODULES = YES;
				CLANG_ENABLE_OBJC_ARC = YES;
				CLANG_ENABLE_OBJC_WEAK = YES;
				CLANG_WARN_BLOCK_CAPTURE_AUTORELEASING = YES;
				CLANG_WARN_BOOL_CONVERSION = YES;
				CLANG_WARN_COMMA = YES;
				CLANG_WARN_CONSTANT_CONVERSION = YES;
				CLANG_WARN_DEPRECATED_OBJC_IMPLEMENTATIONS = YES;
				CLANG_WARN_DIRECT_OBJC_ISA_USAGE = YES_ERROR;
				CLANG_WARN_DOCUMENTATION_COMMENTS = YES;
				CLANG_WARN_EMPTY_BODY = YES;
				CLANG_WARN_ENUM_CONVERSION = YES;
				CLANG_WARN_INFINITE_RECURSION = YES;
				CLANG_WARN_INT_CONVERSION = YES;
				CLANG_WARN_NON_LITERAL_NULL_CONVERSION = YES;
				CLANG_WARN_OBJC_IMPLICIT_RETAIN_SELF = YES;
				CLANG_WARN_OBJC_LITERAL_CONVERSION = YES;
				CLANG_WARN_OBJC_ROOT_CLASS = YES_ERROR;
				CLANG_WARN_QUOTED_INCLUDE_IN_FRAMEWORK_HEADER = YES;
				CLANG_WARN_RANGE_LOOP_ANALYSIS = YES;
				CLANG_WARN_STRICT_PROTOTYPES = YES;
				CLANG_WARN_SUSPICIOUS_MOVE = YES;
				CLANG_WARN_UNGUARDED_AVAILABILITY = YES_AGGRESSIVE;
				CLANG_WARN_UNREACHABLE_CODE = YES;
				CLANG_WARN__DUPLICATE_METHOD_MATCH = YES;
				COPY_PHASE_STRIP = NO;
				DEBUG_INFORMATION_FORMAT = dwarf;
				ENABLE_STRICT_OBJC_MSGSEND = YES;
				ENABLE_TESTABILITY = YES;
				GCC_C_LANGUAGE_STANDARD = gnu11;
				GCC_DYNAMIC_NO_PIC = NO;
				GCC_NO_COMMON_BLOCKS = YES;
				GCC_OPTIMIZATION_LEVEL = 0;
				GCC_PREPROCESSOR_DEFINITIONS = (
					"DEBUG=1",
					"$(inherited)",
				);
				GCC_WARN_64_TO_32_BIT_CONVERSION = YES;
				GCC_WARN_ABOUT_RETURN_TYPE = YES_ERROR;
				GCC_WARN_UNDECLARED_SELECTOR = YES;
				GCC_WARN_UNINITIALIZED_AUTOS = YES_AGGRESSIVE;
				GCC_WARN_UNUSED_FUNCTION = YES;
				GCC_WARN_UNUSED_VARIABLE = YES;
				IPHONEOS_DEPLOYMENT_TARGET = 15.5;
				MTL_ENABLE_DEBUG_INFO = INCLUDE_SOURCE;
				MTL_FAST_MATH = YES;
				ONLY_ACTIVE_ARCH = YES;
				SDKROOT = iphoneos;
				SWIFT_ACTIVE_COMPILATION_CONDITIONS = DEBUG;
				SWIFT_OPTIMIZATION_LEVEL = "-Onone";
			};
			name = Debug;
		};
		0FAAAC6A28800162002B440C /* Release */ = {
			isa = XCBuildConfiguration;
			buildSettings = {
				ALWAYS_SEARCH_USER_PATHS = NO;
				CLANG_ANALYZER_NONNULL = YES;
				CLANG_ANALYZER_NUMBER_OBJECT_CONVERSION = YES_AGGRESSIVE;
				CLANG_CXX_LANGUAGE_STANDARD = "gnu++17";
				CLANG_ENABLE_MODULES = YES;
				CLANG_ENABLE_OBJC_ARC = YES;
				CLANG_ENABLE_OBJC_WEAK = YES;
				CLANG_WARN_BLOCK_CAPTURE_AUTORELEASING = YES;
				CLANG_WARN_BOOL_CONVERSION = YES;
				CLANG_WARN_COMMA = YES;
				CLANG_WARN_CONSTANT_CONVERSION = YES;
				CLANG_WARN_DEPRECATED_OBJC_IMPLEMENTATIONS = YES;
				CLANG_WARN_DIRECT_OBJC_ISA_USAGE = YES_ERROR;
				CLANG_WARN_DOCUMENTATION_COMMENTS = YES;
				CLANG_WARN_EMPTY_BODY = YES;
				CLANG_WARN_ENUM_CONVERSION = YES;
				CLANG_WARN_INFINITE_RECURSION = YES;
				CLANG_WARN_INT_CONVERSION = YES;
				CLANG_WARN_NON_LITERAL_NULL_CONVERSION = YES;
				CLANG_WARN_OBJC_IMPLICIT_RETAIN_SELF = YES;
				CLANG_WARN_OBJC_LITERAL_CONVERSION = YES;
				CLANG_WARN_OBJC_ROOT_CLASS = YES_ERROR;
				CLANG_WARN_QUOTED_INCLUDE_IN_FRAMEWORK_HEADER = YES;
				CLANG_WARN_RANGE_LOOP_ANALYSIS = YES;
				CLANG_WARN_STRICT_PROTOTYPES = YES;
				CLANG_WARN_SUSPICIOUS_MOVE = YES;
				CLANG_WARN_UNGUARDED_AVAILABILITY = YES_AGGRESSIVE;
				CLANG_WARN_UNREACHABLE_CODE = YES;
				CLANG_WARN__DUPLICATE_METHOD_MATCH = YES;
				COPY_PHASE_STRIP = NO;
				DEBUG_INFORMATION_FORMAT = "dwarf-with-dsym";
				ENABLE_NS_ASSERTIONS = NO;
				ENABLE_STRICT_OBJC_MSGSEND = YES;
				GCC_C_LANGUAGE_STANDARD = gnu11;
				GCC_NO_COMMON_BLOCKS = YES;
				GCC_WARN_64_TO_32_BIT_CONVERSION = YES;
				GCC_WARN_ABOUT_RETURN_TYPE = YES_ERROR;
				GCC_WARN_UNDECLARED_SELECTOR = YES;
				GCC_WARN_UNINITIALIZED_AUTOS = YES_AGGRESSIVE;
				GCC_WARN_UNUSED_FUNCTION = YES;
				GCC_WARN_UNUSED_VARIABLE = YES;
				IPHONEOS_DEPLOYMENT_TARGET = 15.5;
				MTL_ENABLE_DEBUG_INFO = NO;
				MTL_FAST_MATH = YES;
				SDKROOT = iphoneos;
				SWIFT_COMPILATION_MODE = wholemodule;
				SWIFT_OPTIMIZATION_LEVEL = "-O";
				VALIDATE_PRODUCT = YES;
			};
			name = Release;
		};
		0FAAAC6C28800162002B440C /* Debug */ = {
			isa = XCBuildConfiguration;
			buildSettings = {
				ASSETCATALOG_COMPILER_APPICON_NAME = AppIcon;
				ASSETCATALOG_COMPILER_GLOBAL_ACCENT_COLOR_NAME = AccentColor;
				CODE_SIGN_STYLE = Automatic;
				CURRENT_PROJECT_VERSION = 1;
				DEVELOPMENT_ASSET_PATHS = "\"CameraSwiftUi/Preview Content\"";
				ENABLE_PREVIEWS = YES;
				GENERATE_INFOPLIST_FILE = YES;
				INFOPLIST_FILE = CameraSwiftUi/Info.plist;
				INFOPLIST_KEY_CFBundleDisplayName = "";
				INFOPLIST_KEY_LSApplicationCategoryType = "";
				INFOPLIST_KEY_NSCameraUsageDescription = "";
				INFOPLIST_KEY_UIApplicationSceneManifest_Generation = YES;
				INFOPLIST_KEY_UIApplicationSupportsIndirectInputEvents = YES;
				INFOPLIST_KEY_UILaunchScreen_Generation = YES;
				INFOPLIST_KEY_UISupportedInterfaceOrientations_iPad = "UIInterfaceOrientationPortrait UIInterfaceOrientationPortraitUpsideDown UIInterfaceOrientationLandscapeLeft UIInterfaceOrientationLandscapeRight";
				INFOPLIST_KEY_UISupportedInterfaceOrientations_iPhone = "UIInterfaceOrientationPortrait UIInterfaceOrientationLandscapeLeft UIInterfaceOrientationLandscapeRight";
				LD_RUNPATH_SEARCH_PATHS = (
					"$(inherited)",
					"@executable_path/Frameworks",
				);
				MARKETING_VERSION = 1.0;
				PRODUCT_BUNDLE_IDENTIFIER = a.CameraSwiftUi;
				PRODUCT_NAME = "$(TARGET_NAME)";
				SWIFT_EMIT_LOC_STRINGS = YES;
				SWIFT_VERSION = 5.0;
				TARGETED_DEVICE_FAMILY = "1,2";
			};
			name = Debug;
		};
		0FAAAC6D28800162002B440C /* Release */ = {
			isa = XCBuildConfiguration;
			buildSettings = {
				ASSETCATALOG_COMPILER_APPICON_NAME = AppIcon;
				ASSETCATALOG_COMPILER_GLOBAL_ACCENT_COLOR_NAME = AccentColor;
				CODE_SIGN_STYLE = Automatic;
				CURRENT_PROJECT_VERSION = 1;
				DEVELOPMENT_ASSET_PATHS = "\"CameraSwiftUi/Preview Content\"";
				ENABLE_PREVIEWS = YES;
				GENERATE_INFOPLIST_FILE = YES;
				INFOPLIST_FILE = CameraSwiftUi/Info.plist;
				INFOPLIST_KEY_CFBundleDisplayName = "";
				INFOPLIST_KEY_LSApplicationCategoryType = "";
				INFOPLIST_KEY_NSCameraUsageDescription = "";
				INFOPLIST_KEY_UIApplicationSceneManifest_Generation = YES;
				INFOPLIST_KEY_UIApplicationSupportsIndirectInputEvents = YES;
				INFOPLIST_KEY_UILaunchScreen_Generation = YES;
				INFOPLIST_KEY_UISupportedInterfaceOrientations_iPad = "UIInterfaceOrientationPortrait UIInterfaceOrientationPortraitUpsideDown UIInterfaceOrientationLandscapeLeft UIInterfaceOrientationLandscapeRight";
				INFOPLIST_KEY_UISupportedInterfaceOrientations_iPhone = "UIInterfaceOrientationPortrait UIInterfaceOrientationLandscapeLeft UIInterfaceOrientationLandscapeRight";
				LD_RUNPATH_SEARCH_PATHS = (
					"$(inherited)",
					"@executable_path/Frameworks",
				);
				MARKETING_VERSION = 1.0;
				PRODUCT_BUNDLE_IDENTIFIER = a.CameraSwiftUi;
				PRODUCT_NAME = "$(TARGET_NAME)";
				SWIFT_EMIT_LOC_STRINGS = YES;
				SWIFT_VERSION = 5.0;
				TARGETED_DEVICE_FAMILY = "1,2";
			};
			name = Release;
		};
		0FAAAC6F28800162002B440C /* Debug */ = {
			isa = XCBuildConfiguration;
			buildSettings = {
				ALWAYS_EMBED_SWIFT_STANDARD_LIBRARIES = YES;
				BUNDLE_LOADER = "$(TEST_HOST)";
				CODE_SIGN_STYLE = Automatic;
				CURRENT_PROJECT_VERSION = 1;
				GENERATE_INFOPLIST_FILE = YES;
				IPHONEOS_DEPLOYMENT_TARGET = 15.5;
				MARKETING_VERSION = 1.0;
				PRODUCT_BUNDLE_IDENTIFIER = a.CameraSwiftUiTests;
				PRODUCT_NAME = "$(TARGET_NAME)";
				SWIFT_EMIT_LOC_STRINGS = NO;
				SWIFT_VERSION = 5.0;
				TARGETED_DEVICE_FAMILY = "1,2";
				TEST_HOST = "$(BUILT_PRODUCTS_DIR)/CameraSwiftUi.app/CameraSwiftUi";
			};
			name = Debug;
		};
		0FAAAC7028800162002B440C /* Release */ = {
			isa = XCBuildConfiguration;
			buildSettings = {
				ALWAYS_EMBED_SWIFT_STANDARD_LIBRARIES = YES;
				BUNDLE_LOADER = "$(TEST_HOST)";
				CODE_SIGN_STYLE = Automatic;
				CURRENT_PROJECT_VERSION = 1;
				GENERATE_INFOPLIST_FILE = YES;
				IPHONEOS_DEPLOYMENT_TARGET = 15.5;
				MARKETING_VERSION = 1.0;
				PRODUCT_BUNDLE_IDENTIFIER = a.CameraSwiftUiTests;
				PRODUCT_NAME = "$(TARGET_NAME)";
				SWIFT_EMIT_LOC_STRINGS = NO;
				SWIFT_VERSION = 5.0;
				TARGETED_DEVICE_FAMILY = "1,2";
				TEST_HOST = "$(BUILT_PRODUCTS_DIR)/CameraSwiftUi.app/CameraSwiftUi";
			};
			name = Release;
		};
		0FAAAC7228800162002B440C /* Debug */ = {
			isa = XCBuildConfiguration;
			buildSettings = {
				ALWAYS_EMBED_SWIFT_STANDARD_LIBRARIES = YES;
				CODE_SIGN_STYLE = Automatic;
				CURRENT_PROJECT_VERSION = 1;
				GENERATE_INFOPLIST_FILE = YES;
				MARKETING_VERSION = 1.0;
				PRODUCT_BUNDLE_IDENTIFIER = a.CameraSwiftUiUITests;
				PRODUCT_NAME = "$(TARGET_NAME)";
				SWIFT_EMIT_LOC_STRINGS = NO;
				SWIFT_VERSION = 5.0;
				TARGETED_DEVICE_FAMILY = "1,2";
				TEST_TARGET_NAME = CameraSwiftUi;
			};
			name = Debug;
		};
		0FAAAC7328800162002B440C /* Release */ = {
			isa = XCBuildConfiguration;
			buildSettings = {
				ALWAYS_EMBED_SWIFT_STANDARD_LIBRARIES = YES;
				CODE_SIGN_STYLE = Automatic;
				CURRENT_PROJECT_VERSION = 1;
				GENERATE_INFOPLIST_FILE = YES;
				MARKETING_VERSION = 1.0;
				PRODUCT_BUNDLE_IDENTIFIER = a.CameraSwiftUiUITests;
				PRODUCT_NAME = "$(TARGET_NAME)";
				SWIFT_EMIT_LOC_STRINGS = NO;
				SWIFT_VERSION = 5.0;
				TARGETED_DEVICE_FAMILY = "1,2";
				TEST_TARGET_NAME = CameraSwiftUi;
			};
			name = Release;
		};
/* End XCBuildConfiguration section */

/* Begin XCConfigurationList section */
		0FAAAC422880015D002B440C /* Build configuration list for PBXProject "CameraSwiftUi" */ = {
			isa = XCConfigurationList;
			buildConfigurations = (
				0FAAAC6928800162002B440C /* Debug */,
				0FAAAC6A28800162002B440C /* Release */,
			);
			defaultConfigurationIsVisible = 0;
			defaultConfigurationName = Release;
		};
		0FAAAC6B28800162002B440C /* Build configuration list for PBXNativeTarget "CameraSwiftUi" */ = {
			isa = XCConfigurationList;
			buildConfigurations = (
				0FAAAC6C28800162002B440C /* Debug */,
				0FAAAC6D28800162002B440C /* Release */,
			);
			defaultConfigurationIsVisible = 0;
			defaultConfigurationName = Release;
		};
		0FAAAC6E28800162002B440C /* Build configuration list for PBXNativeTarget "CameraSwiftUiTests" */ = {
			isa = XCConfigurationList;
			buildConfigurations = (
				0FAAAC6F28800162002B440C /* Debug */,
				0FAAAC7028800162002B440C /* Release */,
			);
			defaultConfigurationIsVisible = 0;
			defaultConfigurationName = Release;
		};
		0FAAAC7128800162002B440C /* Build configuration list for PBXNativeTarget "CameraSwiftUiUITests" */ = {
			isa = XCConfigurationList;
			buildConfigurations = (
				0FAAAC7228800162002B440C /* Debug */,
				0FAAAC7328800162002B440C /* Release */,
			);
			defaultConfigurationIsVisible = 0;
			defaultConfigurationName = Release;
		};
/* End XCConfigurationList section */
	};
	rootObject = 0FAAAC3F2880015D002B440C /* Project object */;
}
